
Microsoft Visual Studio Solution File, Format Version 12.00
# Visual Studio Version 16
VisualStudioVersion = 16.0.29806.167
MinimumVisualStudioVersion = 10.0.40219.1
Project("{8BC9CEB8-8B4A-11D0-8D11-00A0C91BC942}") = "RoomEscape_과제1", "RoomEscape_과제1.vcxproj", "{AA45DF35-1DB4-407A-856A-105FE78DFBCE}"
EndProject
Global
	GlobalSection(SolutionConfigurationPlatforms) = preSolution
		Debug|x64 = Debug|x64
		Debug|x86 = Debug|x86
		Release|x64 = Release|x64
		Release|x86 = Release|x86
	EndGlobalSection
	GlobalSection(ProjectConfigurationPlatforms) = postSolution
		{AA45DF35-1DB4-407A-856A-105FE78DFBCE}.Debug|x64.ActiveCfg = Debug|x64
		{AA45DF35-1DB4-407A-856A-105FE78DFBCE}.Debug|x64.Build.0 = Debug|x64
		{AA45DF35-1DB4-407A-856A-105FE78DFBCE}.Debug|x86.ActiveCfg = Debug|Win32
		{AA45DF35-1DB4-407A-856A-105FE78DFBCE}.Debug|x86.Build.0 = Debug|Win32
		{AA45DF35-1DB4-407A-856A-105FE78DFBCE}.Release|x64.ActiveCfg = Release|x64
		{AA45DF35-1DB4-407A-856A-105FE78DFBCE}.Release|x64.Build.0 = Release|x64
		{AA45DF35-1DB4-407A-856A-105FE78DFBCE}.Release|x86.ActiveCfg = Release|Win32
		{AA45DF35-1DB4-407A-856A-105FE78DFBCE}.Release|x86.Build.0 = Release|Win32
	EndGlobalSection
	GlobalSection(SolutionProperties) = preSolution
		HideSolutionNode = FALSE
	EndGlobalSection
	GlobalSection(ExtensibilityGlobals) = postSolution
		SolutionGuid = {DB4AC7ED-BBF1-4D86-888D-5D011FD6FE4A}
	EndGlobalSection
EndGlobal
